
Microsoft Visual Studio Solution File, Format Version 12.00
Project("{FAE04EC0-301F-11D3-BF4B-00C04F79EFBC}") = "BooksSpa.Api", "BooksSpa.Api\BooksSpa.Api.csproj", "{637AFCF1-2995-479A-B1FC-2187165DB73A}"
EndProject
Project("{2150E333-8FDC-42A3-9474-1A3956D46DE8}") = "Solution Items", "Solution Items", "{5491C7BC-341C-499D-B35D-E0D916FFEC3C}"
	ProjectSection(SolutionItems) = preProject
		..\README.md = ..\README.md
	EndProjectSection
EndProject
Project("{FAE04EC0-301F-11D3-BF4B-00C04F79EFBC}") = "BooksSpa.Tests", "BooksSpa.Tests\BooksSpa.Tests.csproj", "{FB4EB0DD-CC1C-43AC-BA28-79930A7B7AE4}"
EndProject
Global
	GlobalSection(SolutionConfigurationPlatforms) = preSolution
		Debug|Any CPU = Debug|Any CPU
		Release|Any CPU = Release|Any CPU
	EndGlobalSection
	GlobalSection(ProjectConfigurationPlatforms) = postSolution
		{637AFCF1-2995-479A-B1FC-2187165DB73A}.Debug|Any CPU.ActiveCfg = Debug|Any CPU
		{637AFCF1-2995-479A-B1FC-2187165DB73A}.Debug|Any CPU.Build.0 = Debug|Any CPU
		{637AFCF1-2995-479A-B1FC-2187165DB73A}.Release|Any CPU.ActiveCfg = Release|Any CPU
		{637AFCF1-2995-479A-B1FC-2187165DB73A}.Release|Any CPU.Build.0 = Release|Any CPU
		{FB4EB0DD-CC1C-43AC-BA28-79930A7B7AE4}.Debug|Any CPU.ActiveCfg = Debug|Any CPU
		{FB4EB0DD-CC1C-43AC-BA28-79930A7B7AE4}.Debug|Any CPU.Build.0 = Debug|Any CPU
		{FB4EB0DD-CC1C-43AC-BA28-79930A7B7AE4}.Release|Any CPU.ActiveCfg = Release|Any CPU
		{FB4EB0DD-CC1C-43AC-BA28-79930A7B7AE4}.Release|Any CPU.Build.0 = Release|Any CPU
	EndGlobalSection
EndGlobal
